
Microsoft Visual Studio Solution File, Format Version 12.00
# Visual Studio Version 17
VisualStudioVersion = 17.0.31903.59
MinimumVisualStudioVersion = 10.0.40219.1
Project("{2150E333-8FDC-42A3-9474-1A3956D46DE8}") = "Learning", "Learning", "{11D0B1D1-4215-4A45-AE47-CA979DC9BB7B}"
EndProject
Project("{2150E333-8FDC-42A3-9474-1A3956D46DE8}") = "W3schools", "W3schools", "{F30E451D-B3B2-4805-A932-A137CC532309}"
EndProject
Project("{FAE04EC0-301F-11D3-BF4B-00C04F79EFBC}") = "LearningApp", "Learning\W3schools\LearningApp\LearningApp.csproj", "{ADE685BC-93EE-4ADC-B300-7BFA4C6DCE58}"
EndProject
Global
	GlobalSection(SolutionConfigurationPlatforms) = preSolution
		Debug|Any CPU = Debug|Any CPU
		Release|Any CPU = Release|Any CPU
	EndGlobalSection
	GlobalSection(SolutionProperties) = preSolution
		HideSolutionNode = FALSE
	EndGlobalSection
	GlobalSection(ProjectConfigurationPlatforms) = postSolution
		{ADE685BC-93EE-4ADC-B300-7BFA4C6DCE58}.Debug|Any CPU.ActiveCfg = Debug|Any CPU
		{ADE685BC-93EE-4ADC-B300-7BFA4C6DCE58}.Debug|Any CPU.Build.0 = Debug|Any CPU
		{ADE685BC-93EE-4ADC-B300-7BFA4C6DCE58}.Release|Any CPU.ActiveCfg = Release|Any CPU
		{ADE685BC-93EE-4ADC-B300-7BFA4C6DCE58}.Release|Any CPU.Build.0 = Release|Any CPU
	EndGlobalSection
	GlobalSection(NestedProjects) = preSolution
		{F30E451D-B3B2-4805-A932-A137CC532309} = {11D0B1D1-4215-4A45-AE47-CA979DC9BB7B}
		{ADE685BC-93EE-4ADC-B300-7BFA4C6DCE58} = {F30E451D-B3B2-4805-A932-A137CC532309}
	EndGlobalSection
EndGlobal